
Microsoft Visual Studio Solution File, Format Version 12.00
# Visual Studio Version 17
VisualStudioVersion = 17.13.35931.197 d17.13
MinimumVisualStudioVersion = 10.0.40219.1
Project("{FAE04EC0-301F-11D3-BF4B-00C04F79EFBC}") = "otus_dz2_v2", "otus_dz2_v2\otus_dz2_v2.csproj", "{C8619B15-8763-42BE-91DF-3308CBECACC2}"
EndProject
Global
	GlobalSection(SolutionConfigurationPlatforms) = preSolution
		Debug|Any CPU = Debug|Any CPU
		Release|Any CPU = Release|Any CPU
	EndGlobalSection
	GlobalSection(ProjectConfigurationPlatforms) = postSolution
		{C8619B15-8763-42BE-91DF-3308CBECACC2}.Debug|Any CPU.ActiveCfg = Debug|Any CPU
		{C8619B15-8763-42BE-91DF-3308CBECACC2}.Debug|Any CPU.Build.0 = Debug|Any CPU
		{C8619B15-8763-42BE-91DF-3308CBECACC2}.Release|Any CPU.ActiveCfg = Release|Any CPU
		{C8619B15-8763-42BE-91DF-3308CBECACC2}.Release|Any CPU.Build.0 = Release|Any CPU
	EndGlobalSection
	GlobalSection(SolutionProperties) = preSolution
		HideSolutionNode = FALSE
	EndGlobalSection
	GlobalSection(ExtensibilityGlobals) = postSolution
		SolutionGuid = {CAE37F91-3C21-4754-911F-1B3BD3C29357}
	EndGlobalSection
EndGlobal
